<?xml version="1.0" encoding="utf-8"?>
<Project ToolsVersion="4.0" xmlns="http://schemas.microsoft.com/developer/msbuild/2003">
  <ItemGroup>
    <Filter Include="Container">
      <UniqueIdentifier>{b3651e51-1e93-4d50-9cdd-ae6f44f6464f}</UniqueIdentifier>
    </Filter>
    <Filter Include="Graphics">
      <UniqueIdentifier>{b81b286a-b724-4fde-8c24-35e41119708f}</UniqueIdentifier>
    </Filter>
    <Filter Include="Network">
      <UniqueIdentifier>{79ee4e86-a366-4fa8-9ef2-bdb4baa2d7c5}</UniqueIdentifier>
    </Filter>
    <Filter Include="Numerics">
      <UniqueIdentifier>{4dbb6d33-34ba-4cd3-b341-45c6028a070e}</UniqueIdentifier>
    </Filter>
    <Filter Include="Physics">
      <UniqueIdentifier>{06fcc956-9bba-4e73-9f71-344840a8868e}</UniqueIdentifier>
    </Filter>
    <Filter Include="Processor">
      <UniqueIdentifier>{adf83205-5c1f-4a8e-a483-3f079b035092}</UniqueIdentifier>
    </Filter>
    <Filter Include="Updater">
      <UniqueIdentifier>{10c271c9-3884-4f7d-bdea-9e4ae95fdd01}</UniqueIdentifier>
    </Filter>
    <Filter Include="Utility">
      <UniqueIdentifier>{2736ae5a-3509-4075-8f87-b17bc90ded78}</UniqueIdentifier>
    </Filter>
    <Filter Include="Game">
      <UniqueIdentifier>{38ed2308-04d2-4e7b-b8a5-6feace20e829}</UniqueIdentifier>
    </Filter>
    <Filter Include="Graphics\GL">
      <UniqueIdentifier>{1ee8da3e-bd98-43a7-b0c1-daa2b407b1ec}</UniqueIdentifier>
    </Filter>
    <Filter Include="Graphics\DX">
      <UniqueIdentifier>{ef2835e9-664a-4813-959b-98aa6a6a9a72}</UniqueIdentifier>
    </Filter>
    <Filter Include="Allocator">
      <UniqueIdentifier>{c0f1cbdb-e266-4f65-a7f1-e0d9591b8730}</UniqueIdentifier>
    </Filter>
  </ItemGroup>
  <ItemGroup>
    <ClInclude Include="..\Engine\Container\BitField.h">
      <Filter>Container</Filter>
    </ClInclude>
    <ClInclude Include="..\Engine\Container\BSP_Tree.hpp">
      <Filter>Container</Filter>
    </ClInclude>
    <ClInclude Include="..\Engine\Container\Buffer.hpp">
      <Filter>Container</Filter>
    </ClInclude>
    <ClInclude Include="..\Engine\Container\IntervalBuffer.hpp">
      <Filter>Container</Filter>
    </ClInclude>
    <ClInclude Include="..\Engine\Container\SeparatableLinkedList.hpp">
      <Filter>Container</Filter>
    </ClInclude>
    <ClInclude Include="..\Engine\Network\Connection.h">
      <Filter>Network</Filter>
    </ClInclude>
    <ClInclude Include="..\Engine\Network\Gateway.h">
      <Filter>Network</Filter>
    </ClInclude>
    <ClInclude Include="..\Engine\Network\Packet.h">
      <Filter>Network</Filter>
    </ClInclude>
    <ClInclude Include="..\Engine\Utility\Logger.h">
      <Filter>Utility</Filter>
    </ClInclude>
    <ClInclude Include="..\Engine\Updater\Deterministic.hpp">
      <Filter>Updater</Filter>
    </ClInclude>
    <ClInclude Include="..\Engine\Updater\NonDeterministic.hpp">
      <Filter>Updater</Filter>
    </ClInclude>
    <ClInclude Include="..\Engine\Processor\Blocked.hpp">
      <Filter>Processor</Filter>
    </ClInclude>
    <ClInclude Include="..\Engine\Processor\Service.h">
      <Filter>Processor</Filter>
    </ClInclude>
    <ClInclude Include="..\Engine\Physics\AABB.h">
      <Filter>Physics</Filter>
    </ClInclude>
    <ClInclude Include="..\Engine\Physics\Body.hpp">
      <Filter>Physics</Filter>
    </ClInclude>
    <ClInclude Include="..\Engine\Physics\Circle.h">
      <Filter>Physics</Filter>
    </ClInclude>
    <ClInclude Include="..\Engine\Numerics\LinearInterpolation.hpp">
      <Filter>Numerics</Filter>
    </ClInclude>
    <ClInclude Include="..\Engine\Numerics\RungeKutta4Integrator.hpp">
      <Filter>Numerics</Filter>
    </ClInclude>
    <ClInclude Include="..\Engine\Numerics\SymplecticEulerIntegrator.hpp">
      <Filter>Numerics</Filter>
    </ClInclude>
    <ClInclude Include="..\Engine\Types.h" />
    <ClInclude Include="..\Engine\Game\IController.hpp">
      <Filter>Game</Filter>
    </ClInclude>
    <ClInclude Include="..\Engine\Game\IGame.hpp">
      <Filter>Game</Filter>
    </ClInclude>
    <ClInclude Include="..\Engine\Game\IGameObserver.hpp">
      <Filter>Game</Filter>
    </ClInclude>
    <ClInclude Include="..\Engine\Updater\IUpdatable.hpp">
      <Filter>Updater</Filter>
    </ClInclude>
    <ClInclude Include="..\Engine\Updater\ITimeUpdatable.hpp">
      <Filter>Updater</Filter>
    </ClInclude>
    <ClInclude Include="..\Engine\Processor\IRunnable.hpp">
      <Filter>Processor</Filter>
    </ClInclude>
    <ClInclude Include="..\Engine\Processor\IResult.hpp">
      <Filter>Processor</Filter>
    </ClInclude>
    <ClInclude Include="..\Engine\Graphics\IContext.h">
      <Filter>Graphics</Filter>
    </ClInclude>
    <ClInclude Include="..\Engine\Graphics\GL\Texture.h">
      <Filter>Graphics\GL</Filter>
    </ClInclude>
    <ClInclude Include="..\Engine\Graphics\ITexture.h">
      <Filter>Graphics</Filter>
    </ClInclude>
    <ClInclude Include="..\Engine\Graphics\IShader.h">
      <Filter>Graphics</Filter>
    </ClInclude>
    <ClInclude Include="..\Engine\Graphics\GL\Shader.h">
      <Filter>Graphics\GL</Filter>
    </ClInclude>
    <ClInclude Include="..\Engine\Numerics\IIntegrator.hpp">
      <Filter>Numerics</Filter>
    </ClInclude>
    <ClInclude Include="..\Engine\Numerics\IInterpolator.hpp">
      <Filter>Numerics</Filter>
    </ClInclude>
    <ClInclude Include="..\Engine\Processor\IUpdatableRunner.hpp">
      <Filter>Processor</Filter>
    </ClInclude>
    <ClInclude Include="..\Engine\Processor\Threaded.hpp">
      <Filter>Processor</Filter>
    </ClInclude>
    <ClInclude Include="..\Engine\Processor\StrandedService.h">
      <Filter>Processor</Filter>
    </ClInclude>
    <ClInclude Include="..\Engine\Utility\ObjectCounter.hpp">
      <Filter>Utility</Filter>
    </ClInclude>
    <ClInclude Include="..\Engine\Graphics\IMesh.h">
      <Filter>Graphics</Filter>
    </ClInclude>
    <ClInclude Include="..\Engine\Graphics\GL\Mesh.h">
      <Filter>Graphics\GL</Filter>
    </ClInclude>
    <ClInclude Include="..\Engine\Platform.h" />
    <ClInclude Include="..\Engine\Defines.h" />
    <ClInclude Include="..\Engine\Physics\IShape.h">
      <Filter>Physics</Filter>
    </ClInclude>
    <ClInclude Include="..\Engine\Algorithms.h" />
    <ClInclude Include="..\Engine\Network\Connector.h">
      <Filter>Network</Filter>
    </ClInclude>
    <ClInclude Include="..\Engine\Network\IHandler.hpp">
      <Filter>Network</Filter>
    </ClInclude>
    <ClInclude Include="..\Engine\Container\Generator.h">
      <Filter>Container</Filter>
    </ClInclude>
    <ClInclude Include="..\Engine\Allocator\Pool.hpp">
      <Filter>Allocator</Filter>
    </ClInclude>
  </ItemGroup>
  <ItemGroup>
    <ClCompile Include="..\Engine\Network\Packet.cpp">
      <Filter>Network</Filter>
    </ClCompile>
    <ClCompile Include="..\Engine\Utility\Logger.cc">
      <Filter>Utility</Filter>
    </ClCompile>
    <ClCompile Include="..\Engine\Graphics\GL\Texture.cc">
      <Filter>Graphics\GL</Filter>
    </ClCompile>
    <ClCompile Include="..\Engine\Graphics\GL\Mesh.cc">
      <Filter>Graphics\GL</Filter>
    </ClCompile>
    <ClCompile Include="..\Engine\Graphics\GL\Shader.cc">
      <Filter>Graphics\GL</Filter>
    </ClCompile>
  </ItemGroup>
</Project>