<?xml version="1.0" encoding="utf-8"?>
<Project ToolsVersion="4.0" xmlns="http://schemas.microsoft.com/developer/msbuild/2003">
  <ItemGroup>
    <Filter Include="Engine">
      <UniqueIdentifier>{589957b7-487a-40e9-9ee6-dceae5611c67}</UniqueIdentifier>
    </Filter>
    <Filter Include="Engine\Physics">
      <UniqueIdentifier>{f301f73b-00f8-4d7d-a34f-dd8b3a64fe41}</UniqueIdentifier>
    </Filter>
    <Filter Include="Engine\Network">
      <UniqueIdentifier>{f62f2220-eb6c-4b65-a390-b060d1124c9c}</UniqueIdentifier>
    </Filter>
    <Filter Include="P3A">
      <UniqueIdentifier>{4980fd26-bfa3-4989-8be0-d6312f25ec07}</UniqueIdentifier>
    </Filter>
    <Filter Include="P3A\Graphics">
      <UniqueIdentifier>{16855621-2d6e-4bbb-8e9f-4eaecbe17220}</UniqueIdentifier>
    </Filter>
    <Filter Include="Engine\Graphics">
      <UniqueIdentifier>{9180bd67-8dfe-4618-9b82-e31af75a162a}</UniqueIdentifier>
    </Filter>
    <Filter Include="P3A\Shader">
      <UniqueIdentifier>{cd78be72-dfa8-4fba-9017-903612b8d09b}</UniqueIdentifier>
    </Filter>
    <Filter Include="Engine\Utility">
      <UniqueIdentifier>{d8376a94-9dfa-495a-8c44-2b952ee2b7c2}</UniqueIdentifier>
    </Filter>
    <Filter Include="P3A\Game">
      <UniqueIdentifier>{71ff49a4-5f06-4db5-b446-7b85eae3c31c}</UniqueIdentifier>
    </Filter>
    <Filter Include="P3A\Network">
      <UniqueIdentifier>{652a3c66-2a5e-42ad-ab16-11dfcb13b96d}</UniqueIdentifier>
    </Filter>
    <Filter Include="Engine\Processor">
      <UniqueIdentifier>{2149234d-aed9-4b20-83af-037ba63c377f}</UniqueIdentifier>
    </Filter>
    <Filter Include="Engine\Container">
      <UniqueIdentifier>{6893e923-b363-42d9-a506-b1af733ca523}</UniqueIdentifier>
    </Filter>
    <Filter Include="Engine\Numerics">
      <UniqueIdentifier>{724192c7-a503-4eb6-ad05-5861421cada2}</UniqueIdentifier>
    </Filter>
    <Filter Include="P3A\Sole">
      <UniqueIdentifier>{d39d4dc8-f03e-4698-82c8-bbf9c20c6b2f}</UniqueIdentifier>
    </Filter>
    <Filter Include="P3A\Client">
      <UniqueIdentifier>{37e714c8-8ec7-47c0-a124-f736dd2b7e39}</UniqueIdentifier>
    </Filter>
    <Filter Include="P3A\Host">
      <UniqueIdentifier>{1e5d495d-4539-4fad-8012-d2c6834838a2}</UniqueIdentifier>
    </Filter>
    <Filter Include="P3A\Menu">
      <UniqueIdentifier>{db786e21-d892-4457-ac49-6a93ec9e76a0}</UniqueIdentifier>
    </Filter>
  </ItemGroup>
  <ItemGroup>
    <ClCompile Include="Engine\Graphics\Shader.cpp">
      <Filter>Engine\Graphics</Filter>
    </ClCompile>
    <ClCompile Include="Engine\Graphics\Appearance.cc">
      <Filter>Engine\Graphics</Filter>
    </ClCompile>
    <ClCompile Include="Engine\Graphics\Camera.cc">
      <Filter>Engine\Graphics</Filter>
    </ClCompile>
    <ClCompile Include="Engine\Graphics\ContextBase.cc">
      <Filter>Engine\Graphics</Filter>
    </ClCompile>
    <ClCompile Include="Engine\Graphics\Mesh.cc">
      <Filter>Engine\Graphics</Filter>
    </ClCompile>
    <ClCompile Include="Engine\Graphics\ModelBase.cc">
      <Filter>Engine\Graphics</Filter>
    </ClCompile>
    <ClCompile Include="Engine\Graphics\TextureBase.cc">
      <Filter>Engine\Graphics</Filter>
    </ClCompile>
    <ClCompile Include="P3A\Graphics\GraphicsContext.cc">
      <Filter>P3A\Graphics</Filter>
    </ClCompile>
    <ClCompile Include="P3A\Graphics\Model.cc">
      <Filter>P3A\Graphics</Filter>
    </ClCompile>
    <ClCompile Include="Engine\Utility\Logger.cc">
      <Filter>Engine\Utility</Filter>
    </ClCompile>
    <ClCompile Include="P3A\Main.cc">
      <Filter>P3A</Filter>
    </ClCompile>
    <ClCompile Include="P3A\Graphics\GameArtSource.cc">
      <Filter>P3A\Graphics</Filter>
    </ClCompile>
    <ClCompile Include="P3A\Menu\MenuRenderer.cc">
      <Filter>P3A\Menu</Filter>
    </ClCompile>
    <ClCompile Include="P3A\Game\GameInterface.cc">
      <Filter>P3A\Game</Filter>
    </ClCompile>
    <ClCompile Include="P3A\Sole\SoleGame.cc">
      <Filter>P3A\Sole</Filter>
    </ClCompile>
    <ClCompile Include="P3A\Host\HostGame.cc">
      <Filter>P3A\Host</Filter>
    </ClCompile>
    <ClCompile Include="P3A\Client\Client.cc">
      <Filter>P3A\Client</Filter>
    </ClCompile>
    <ClCompile Include="P3A\Client\ClientGame.cc">
      <Filter>P3A\Client</Filter>
    </ClCompile>
    <ClCompile Include="P3A\Client\ClientObserver.cc">
      <Filter>P3A\Client</Filter>
    </ClCompile>
    <ClCompile Include="P3A\Host\HostObserver.cc">
      <Filter>P3A\Host</Filter>
    </ClCompile>
    <ClCompile Include="P3A\Sole\SoleObserver.cc">
      <Filter>P3A\Sole</Filter>
    </ClCompile>
    <ClCompile Include="P3A\Graphics\GameObserverInterface.cc">
      <Filter>P3A\Graphics</Filter>
    </ClCompile>
    <ClCompile Include="P3A\Sole\SoleCore.cc">
      <Filter>P3A\Sole</Filter>
    </ClCompile>
    <ClCompile Include="P3A\Menu\MenuCore.cc">
      <Filter>P3A\Menu</Filter>
    </ClCompile>
    <ClCompile Include="Engine\Network\Packet.cpp">
      <Filter>Engine\Network</Filter>
    </ClCompile>
    <ClCompile Include="P3A\Host\HostCore.cc">
      <Filter>P3A\Host</Filter>
    </ClCompile>
  </ItemGroup>
  <ItemGroup>
    <ClInclude Include="Engine\Types.h">
      <Filter>Engine</Filter>
    </ClInclude>
    <ClInclude Include="Engine\Graphics\Shader.h">
      <Filter>Engine\Graphics</Filter>
    </ClInclude>
    <ClInclude Include="P3A\Graphics\GraphicsContext.h">
      <Filter>P3A\Graphics</Filter>
    </ClInclude>
    <ClInclude Include="Engine\Graphics\Camera.h">
      <Filter>Engine\Graphics</Filter>
    </ClInclude>
    <ClInclude Include="Engine\Graphics\Mesh.h">
      <Filter>Engine\Graphics</Filter>
    </ClInclude>
    <ClInclude Include="Engine\Graphics\Appearance.h">
      <Filter>Engine\Graphics</Filter>
    </ClInclude>
    <ClInclude Include="P3A\Graphics\Model.h">
      <Filter>P3A\Graphics</Filter>
    </ClInclude>
    <ClInclude Include="Engine\Graphics\ContextBase.h">
      <Filter>Engine\Graphics</Filter>
    </ClInclude>
    <ClInclude Include="Engine\Graphics\KeyHandler.h">
      <Filter>Engine\Graphics</Filter>
    </ClInclude>
    <ClInclude Include="Engine\Graphics\ModelBase.h">
      <Filter>Engine\Graphics</Filter>
    </ClInclude>
    <ClInclude Include="Engine\Graphics\TextureBase.h">
      <Filter>Engine\Graphics</Filter>
    </ClInclude>
    <ClInclude Include="Engine\Utility\Logger.h">
      <Filter>Engine\Utility</Filter>
    </ClInclude>
    <ClInclude Include="Engine\Physics\BSP_Tree.hpp">
      <Filter>Engine\Physics</Filter>
    </ClInclude>
    <ClInclude Include="Engine\Physics\SeparatableLinkedList.hpp">
      <Filter>Engine\Physics</Filter>
    </ClInclude>
    <ClInclude Include="Engine\Processor\Blocked.hpp">
      <Filter>Engine\Processor</Filter>
    </ClInclude>
    <ClInclude Include="Engine\Processor\NonDeterministicUpdater.hpp">
      <Filter>Engine\Processor</Filter>
    </ClInclude>
    <ClInclude Include="Engine\Processor\DeterministicUpdater.hpp">
      <Filter>Engine\Processor</Filter>
    </ClInclude>
    <ClInclude Include="Engine\Processor\ResultInterface.hpp">
      <Filter>Engine\Processor</Filter>
    </ClInclude>
    <ClInclude Include="Engine\Processor\RunnableInterface.hpp">
      <Filter>Engine\Processor</Filter>
    </ClInclude>
    <ClInclude Include="P3A\CoreResult.h">
      <Filter>P3A</Filter>
    </ClInclude>
    <ClInclude Include="P3A\GameResult.h">
      <Filter>P3A</Filter>
    </ClInclude>
    <ClInclude Include="Engine\Processor\UpdaterInterface.hpp">
      <Filter>Engine\Processor</Filter>
    </ClInclude>
    <ClInclude Include="Engine\Physics\ShapeInterface.h">
      <Filter>Engine\Physics</Filter>
    </ClInclude>
    <ClInclude Include="Engine\Physics\Body.hpp">
      <Filter>Engine\Physics</Filter>
    </ClInclude>
    <ClInclude Include="Engine\Physics\AABB.h">
      <Filter>Engine\Physics</Filter>
    </ClInclude>
    <ClInclude Include="Engine\Physics\Circle.h">
      <Filter>Engine\Physics</Filter>
    </ClInclude>
    <ClInclude Include="P3A\Graphics\GameArtSource.h">
      <Filter>P3A\Graphics</Filter>
    </ClInclude>
    <ClInclude Include="P3A\Game\Snapshot.h">
      <Filter>P3A\Game</Filter>
    </ClInclude>
    <ClInclude Include="P3A\Game\Configuration.h">
      <Filter>P3A\Game</Filter>
    </ClInclude>
    <ClInclude Include="Engine\Container\BSP_Tree.hpp">
      <Filter>Engine\Container</Filter>
    </ClInclude>
    <ClInclude Include="Engine\Container\SeparatableLinkedList.hpp">
      <Filter>Engine\Container</Filter>
    </ClInclude>
    <ClInclude Include="Engine\Container\Buffer.hpp">
      <Filter>Engine\Container</Filter>
    </ClInclude>
    <ClInclude Include="Engine\Container\IntervalBuffer.hpp">
      <Filter>Engine\Container</Filter>
    </ClInclude>
    <ClInclude Include="Engine\Graphics\Motion.h">
      <Filter>Engine\Graphics</Filter>
    </ClInclude>
    <ClInclude Include="Engine\Numerics\IntegratorInterface.hpp">
      <Filter>Engine\Numerics</Filter>
    </ClInclude>
    <ClInclude Include="Engine\Numerics\RungeKutta4Integrator.hpp">
      <Filter>Engine\Numerics</Filter>
    </ClInclude>
    <ClInclude Include="Engine\Numerics\SymplecticEulerIntegrator.hpp">
      <Filter>Engine\Numerics</Filter>
    </ClInclude>
    <ClInclude Include="Engine\Numerics\LinearInterpolation.hpp">
      <Filter>Engine\Numerics</Filter>
    </ClInclude>
    <ClInclude Include="Engine\Container\BitField.h">
      <Filter>Engine\Container</Filter>
    </ClInclude>
    <ClInclude Include="P3A\Menu\MenuRenderer.h">
      <Filter>P3A\Menu</Filter>
    </ClInclude>
    <ClInclude Include="P3A\Game\HeroBase.h">
      <Filter>P3A\Game</Filter>
    </ClInclude>
    <ClInclude Include="P3A\Game\GameInterface.hpp">
      <Filter>P3A\Game</Filter>
    </ClInclude>
    <ClInclude Include="P3A\Sole\SoleGame.h">
      <Filter>P3A\Sole</Filter>
    </ClInclude>
    <ClInclude Include="P3A\Sole\SoleSnapshot.h">
      <Filter>P3A\Sole</Filter>
    </ClInclude>
    <ClInclude Include="P3A\Host\HostGame.h">
      <Filter>P3A\Host</Filter>
    </ClInclude>
    <ClInclude Include="P3A\Host\HostSnapshot.h">
      <Filter>P3A\Host</Filter>
    </ClInclude>
    <ClInclude Include="P3A\Client\ClientGame.h">
      <Filter>P3A\Client</Filter>
    </ClInclude>
    <ClInclude Include="P3A\Client\Client.h">
      <Filter>P3A\Client</Filter>
    </ClInclude>
    <ClInclude Include="P3A\Client\ClientInput.h">
      <Filter>P3A\Client</Filter>
    </ClInclude>
    <ClInclude Include="P3A\Client\ClientSnapshot.h">
      <Filter>P3A\Client</Filter>
    </ClInclude>
    <ClInclude Include="P3A\Client\ClientObserver.h">
      <Filter>P3A\Client</Filter>
    </ClInclude>
    <ClInclude Include="P3A\Host\HostObserver.h">
      <Filter>P3A\Host</Filter>
    </ClInclude>
    <ClInclude Include="P3A\Sole\SoleObserver.h">
      <Filter>P3A\Sole</Filter>
    </ClInclude>
    <ClInclude Include="P3A\Graphics\GameObserverInterface.hpp">
      <Filter>P3A\Graphics</Filter>
    </ClInclude>
    <ClInclude Include="P3A\Sole\SoleCore.h">
      <Filter>P3A\Sole</Filter>
    </ClInclude>
    <ClInclude Include="P3A\Menu\MenuCore.h">
      <Filter>P3A\Menu</Filter>
    </ClInclude>
    <ClInclude Include="Engine\Network\Packet.h">
      <Filter>Engine\Network</Filter>
    </ClInclude>
    <ClInclude Include="Engine\Container\PoolInterface.hpp">
      <Filter>Engine\Container</Filter>
    </ClInclude>
    <ClInclude Include="Engine\Processor\StrandedService.hpp">
      <Filter>Engine\Processor</Filter>
    </ClInclude>
    <ClInclude Include="Engine\Processor\Service.h">
      <Filter>Engine\Processor</Filter>
    </ClInclude>
    <ClInclude Include="Engine\Processor\ThreadedService.h">
      <Filter>Engine\Processor</Filter>
    </ClInclude>
    <ClInclude Include="Engine\Processor\ThreadedBlocked.hpp">
      <Filter>Engine\Processor</Filter>
    </ClInclude>
    <ClInclude Include="Engine\Network\GatewayInterface.h">
      <Filter>Engine\Network</Filter>
    </ClInclude>
    <ClInclude Include="P3A\Host\HostCore.h">
      <Filter>P3A\Host</Filter>
    </ClInclude>
    <ClInclude Include="Engine\Network\ConnectionInterface.h">
      <Filter>Engine\Network</Filter>
    </ClInclude>
    <ClInclude Include="Engine\Network\CommandHandlerInterface.h">
      <Filter>Engine\Network</Filter>
    </ClInclude>
    <ClInclude Include="Engine\Network\LobbyInterface.h">
      <Filter>Engine\Network</Filter>
    </ClInclude>
  </ItemGroup>
  <ItemGroup>
    <None Include="P3A\Shaders\Box.frag">
      <Filter>P3A\Shader</Filter>
    </None>
    <None Include="P3A\Shaders\Box.vs">
      <Filter>P3A\Shader</Filter>
    </None>
    <None Include="P3A\Shaders\Text.frag">
      <Filter>P3A\Shader</Filter>
    </None>
    <None Include="P3A\Shaders\Text.vs">
      <Filter>P3A\Shader</Filter>
    </None>
  </ItemGroup>
</Project>