<?xml version="1.0" encoding="utf-8"?>
<Project ToolsVersion="4.0" xmlns="http://schemas.microsoft.com/developer/msbuild/2003">
  <ItemGroup>
    <Filter Include="Engine">
      <UniqueIdentifier>{589957b7-487a-40e9-9ee6-dceae5611c67}</UniqueIdentifier>
    </Filter>
    <Filter Include="Engine\Core">
      <UniqueIdentifier>{ffcce7b2-2230-4cc0-ac71-3cbb71049f37}</UniqueIdentifier>
    </Filter>
    <Filter Include="Engine\Physics">
      <UniqueIdentifier>{f301f73b-00f8-4d7d-a34f-dd8b3a64fe41}</UniqueIdentifier>
    </Filter>
    <Filter Include="Engine\Game">
      <UniqueIdentifier>{5e20e40e-10a9-4c83-890b-45eb5c8fa40a}</UniqueIdentifier>
    </Filter>
    <Filter Include="Engine\Network">
      <UniqueIdentifier>{f62f2220-eb6c-4b65-a390-b060d1124c9c}</UniqueIdentifier>
    </Filter>
    <Filter Include="P3A">
      <UniqueIdentifier>{4980fd26-bfa3-4989-8be0-d6312f25ec07}</UniqueIdentifier>
    </Filter>
    <Filter Include="P3A\Graphics">
      <UniqueIdentifier>{16855621-2d6e-4bbb-8e9f-4eaecbe17220}</UniqueIdentifier>
    </Filter>
    <Filter Include="Engine\Graphics">
      <UniqueIdentifier>{9180bd67-8dfe-4618-9b82-e31af75a162a}</UniqueIdentifier>
    </Filter>
    <Filter Include="P3A\Core">
      <UniqueIdentifier>{db786e21-d892-4457-ac49-6a93ec9e76a0}</UniqueIdentifier>
    </Filter>
    <Filter Include="P3A\Shader">
      <UniqueIdentifier>{cd78be72-dfa8-4fba-9017-903612b8d09b}</UniqueIdentifier>
    </Filter>
  </ItemGroup>
  <ItemGroup>
    <ClCompile Include="Engine\Physics\Reality.cpp">
      <Filter>Engine\Physics</Filter>
    </ClCompile>
    <ClCompile Include="Engine\Physics\Body.cpp">
      <Filter>Engine\Physics</Filter>
    </ClCompile>
    <ClCompile Include="Engine\Physics\Manifold.cpp">
      <Filter>Engine\Physics</Filter>
    </ClCompile>
    <ClCompile Include="Engine\Physics\Collision.cpp">
      <Filter>Engine\Physics</Filter>
    </ClCompile>
    <ClCompile Include="Engine\Graphics\Shader.cpp">
      <Filter>Engine\Graphics</Filter>
    </ClCompile>
    <ClCompile Include="Engine\Graphics\Appearance.cc">
      <Filter>Engine\Graphics</Filter>
    </ClCompile>
    <ClCompile Include="Engine\Graphics\Camera.cc">
      <Filter>Engine\Graphics</Filter>
    </ClCompile>
    <ClCompile Include="Engine\Graphics\ContextBase.cc">
      <Filter>Engine\Graphics</Filter>
    </ClCompile>
    <ClCompile Include="Engine\Graphics\Mesh.cc">
      <Filter>Engine\Graphics</Filter>
    </ClCompile>
    <ClCompile Include="Engine\Graphics\ModelBase.cc">
      <Filter>Engine\Graphics</Filter>
    </ClCompile>
    <ClCompile Include="Engine\Graphics\TextureBase.cc">
      <Filter>Engine\Graphics</Filter>
    </ClCompile>
    <ClCompile Include="Engine\Core\Logger.cc">
      <Filter>Engine\Core</Filter>
    </ClCompile>
    <ClCompile Include="P3A\Graphics\GraphicsContext.cc">
      <Filter>P3A\Graphics</Filter>
    </ClCompile>
    <ClCompile Include="P3A\Graphics\Menu.cc">
      <Filter>P3A\Graphics</Filter>
    </ClCompile>
    <ClCompile Include="P3A\Graphics\Model.cc">
      <Filter>P3A\Graphics</Filter>
    </ClCompile>
    <ClCompile Include="P3A\Graphics\Test.cc">
      <Filter>P3A\Graphics</Filter>
    </ClCompile>
    <ClCompile Include="P3A\Core.cc">
      <Filter>P3A</Filter>
    </ClCompile>
  </ItemGroup>
  <ItemGroup>
    <ClInclude Include="Engine\Types.h">
      <Filter>Engine</Filter>
    </ClInclude>
    <ClInclude Include="Engine\Core\NonDeterministic.hpp">
      <Filter>Engine\Core</Filter>
    </ClInclude>
    <ClInclude Include="Engine\Core\Deterministic.hpp">
      <Filter>Engine\Core</Filter>
    </ClInclude>
    <ClInclude Include="Engine\Physics\Reality.h">
      <Filter>Engine\Physics</Filter>
    </ClInclude>
    <ClInclude Include="Engine\Physics\Body.h">
      <Filter>Engine\Physics</Filter>
    </ClInclude>
    <ClInclude Include="Engine\Physics\Shape.h">
      <Filter>Engine\Physics</Filter>
    </ClInclude>
    <ClInclude Include="Engine\Physics\Manifold.h">
      <Filter>Engine\Physics</Filter>
    </ClInclude>
    <ClInclude Include="Engine\Physics\Collision.h">
      <Filter>Engine\Physics</Filter>
    </ClInclude>
    <ClInclude Include="Engine\Graphics\Shader.h">
      <Filter>Engine\Graphics</Filter>
    </ClInclude>
    <ClInclude Include="Engine\Network\Connection.h">
      <Filter>Engine\Network</Filter>
    </ClInclude>
    <ClInclude Include="P3A\Graphics\Menu.h">
      <Filter>P3A\Graphics</Filter>
    </ClInclude>
    <ClInclude Include="P3A\Core\State.h">
      <Filter>P3A\Core</Filter>
    </ClInclude>
    <ClInclude Include="P3A\Graphics\GraphicsContext.h">
      <Filter>P3A\Graphics</Filter>
    </ClInclude>
    <ClInclude Include="P3A\Graphics\Test.h">
      <Filter>P3A\Graphics</Filter>
    </ClInclude>
    <ClInclude Include="Engine\Graphics\Camera.h">
      <Filter>Engine\Graphics</Filter>
    </ClInclude>
    <ClInclude Include="Engine\Graphics\Mesh.h">
      <Filter>Engine\Graphics</Filter>
    </ClInclude>
    <ClInclude Include="Engine\Graphics\Appearance.h">
      <Filter>Engine\Graphics</Filter>
    </ClInclude>
    <ClInclude Include="P3A\Graphics\Model.h">
      <Filter>P3A\Graphics</Filter>
    </ClInclude>
    <ClInclude Include="Engine\Core\ProcessableInterface.h">
      <Filter>Engine\Core</Filter>
    </ClInclude>
    <ClInclude Include="Engine\Core\ProcessableResultInterface.h">
      <Filter>Engine\Core</Filter>
    </ClInclude>
    <ClInclude Include="Engine\Graphics\ContextBase.h">
      <Filter>Engine\Graphics</Filter>
    </ClInclude>
    <ClInclude Include="Engine\Graphics\KeyHandler.h">
      <Filter>Engine\Graphics</Filter>
    </ClInclude>
    <ClInclude Include="Engine\Graphics\ModelBase.h">
      <Filter>Engine\Graphics</Filter>
    </ClInclude>
    <ClInclude Include="Engine\Graphics\TextureBase.h">
      <Filter>Engine\Graphics</Filter>
    </ClInclude>
    <ClInclude Include="Engine\Core\Logger.h">
      <Filter>Engine\Core</Filter>
    </ClInclude>
  </ItemGroup>
  <ItemGroup>
    <None Include="P3A\Shaders\Box.frag">
      <Filter>P3A\Shader</Filter>
    </None>
    <None Include="P3A\Shaders\Box.vs">
      <Filter>P3A\Shader</Filter>
    </None>
    <None Include="P3A\Shaders\Text.frag">
      <Filter>P3A\Shader</Filter>
    </None>
    <None Include="P3A\Shaders\Text.vs">
      <Filter>P3A\Shader</Filter>
    </None>
  </ItemGroup>
</Project>